{
  "name": "nodejs",
  "version": "1.0.0",
  "lockfileVersion": 3,
  "requires": true,
  "packages": {
    "": {
      "name": "nodejs",
      "version": "1.0.0",
      "license": "ISC",
      "dependencies": {
        "@olga-malashenko/ajs": "^1.0.0"
      }
    },
    "node_modules/@olga-malashenko/ajs": {
      "version": "1.0.0",
      "resolved": "https://npm.pkg.github.com/download/@olga-malashenko/ajs/1.0.0/f968c79b0c59f5832e16c36dab2f6aed1e20a1ee",
      "integrity": "sha512-OHmUAYIeBqNN5rux4ZdnHIF560mTPzaO+BdIR0ZsDGxrTLSdMWRVN1YGyjR+HV364sStrLvjclJJ+8ZoA/d44g==",
      "license": "ISC"
    }
  }
}
